
Microsoft Visual Studio Solution File, Format Version 12.00
# Visual Studio Version 17
VisualStudioVersion = 17.8.34408.163
MinimumVisualStudioVersion = 10.0.40219.1
Project("{FAE04EC0-301F-11D3-BF4B-00C04F79EFBC}") = "WpfIdeas", "WpfIdeas\WpfIdeas.csproj", "{9F403B34-3DBF-40D6-A754-35B926256A33}"
EndProject
Global
	GlobalSection(SolutionConfigurationPlatforms) = preSolution
		Debug|Any CPU = Debug|Any CPU
		Release|Any CPU = Release|Any CPU
	EndGlobalSection
	GlobalSection(ProjectConfigurationPlatforms) = postSolution
		{9F403B34-3DBF-40D6-A754-35B926256A33}.Debug|Any CPU.ActiveCfg = Debug|Any CPU
		{9F403B34-3DBF-40D6-A754-35B926256A33}.Debug|Any CPU.Build.0 = Debug|Any CPU
		{9F403B34-3DBF-40D6-A754-35B926256A33}.Release|Any CPU.ActiveCfg = Release|Any CPU
		{9F403B34-3DBF-40D6-A754-35B926256A33}.Release|Any CPU.Build.0 = Release|Any CPU
	EndGlobalSection
	GlobalSection(SolutionProperties) = preSolution
		HideSolutionNode = FALSE
	EndGlobalSection
	GlobalSection(ExtensibilityGlobals) = postSolution
		SolutionGuid = {702DE5D5-D636-4386-8CEF-C6FD0F2A6867}
	EndGlobalSection
EndGlobal
